// !$*UTF8*$!
{
	archiveVersion = 1;
	classes = {
	};
	objectVersion = 46;
	objects = {

/* Begin PBXBuildFile section */
		AFF357431E5D2F3200D5B64E /* AppDelegate.swift in Sources */ = {isa = PBXBuildFile; fileRef = AFF357421E5D2F3200D5B64E /* AppDelegate.swift */; };
		AFF357451E5D2F3200D5B64E /* ViewController.swift in Sources */ = {isa = PBXBuildFile; fileRef = AFF357441E5D2F3200D5B64E /* ViewController.swift */; };
		AFF357481E5D2F3200D5B64E /* Main.storyboard in Resources */ = {isa = PBXBuildFile; fileRef = AFF357461E5D2F3200D5B64E /* Main.storyboard */; };
		AFF3574A1E5D2F3200D5B64E /* Assets.xcassets in Resources */ = {isa = PBXBuildFile; fileRef = AFF357491E5D2F3200D5B64E /* Assets.xcassets */; };
		AFF3574D1E5D2F3200D5B64E /* LaunchScreen.storyboard in Resources */ = {isa = PBXBuildFile; fileRef = AFF3574B1E5D2F3200D5B64E /* LaunchScreen.storyboard */; };
/* End PBXBuildFile section */

/* Begin PBXFileReference section */
		AFF3573F1E5D2F3200D5B64E /* 青年買房.app */ = {isa = PBXFileReference; explicitFileType = wrapper.application; includeInIndex = 0; path = "青年買房.app"; sourceTree = BUILT_PRODUCTS_DIR; };
		AFF357421E5D2F3200D5B64E /* AppDelegate.swift */ = {isa = PBXFileReference; lastKnownFileType = sourcecode.swift; path = AppDelegate.swift; sourceTree = "<group>"; };
		AFF357441E5D2F3200D5B64E /* ViewController.swift */ = {isa = PBXFileReference; lastKnownFileType = sourcecode.swift; path = ViewController.swift; sourceTree = "<group>"; };
		AFF357471E5D2F3200D5B64E /* Base */ = {isa = PBXFileReference; lastKnownFileType = file.storyboard; name = Base; path = Base.lproj/Main.storyboard; sourceTree = "<group>"; };
		AFF357491E5D2F3200D5B64E /* Assets.xcassets */ = {isa = PBXFileReference; lastKnownFileType = folder.assetcatalog; path = Assets.xcassets; sourceTree = "<group>"; };
		AFF3574C1E5D2F3200D5B64E /* Base */ = {isa = PBXFileReference; lastKnownFileType = file.storyboard; name = Base; path = Base.lproj/LaunchScreen.storyboard; sourceTree = "<group>"; };
		AFF3574E1E5D2F3200D5B64E /* Info.plist */ = {isa = PBXFileReference; lastKnownFileType = text.plist.xml; path = Info.plist; sourceTree = "<group>"; };
/* End PBXFileReference section */

/* Begin PBXFrameworksBuildPhase section */
		AFF3573C1E5D2F3200D5B64E /* Frameworks */ = {
			isa = PBXFrameworksBuildPhase;
			buildActionMask = 2147483647;
			files = (
			);
			runOnlyForDeploymentPostprocessing = 0;
		};
/* End PBXFrameworksBuildPhase section */

/* Begin PBXGroup section */
		AFF357361E5D2F3200D5B64E = {
			isa = PBXGroup;
			children = (
				AFF357411E5D2F3200D5B64E /* 青年買房 */,
				AFF357401E5D2F3200D5B64E /* Products */,
			);
			sourceTree = "<group>";
		};
		AFF357401E5D2F3200D5B64E /* Products */ = {
			isa = PBXGroup;
			children = (
				AFF3573F1E5D2F3200D5B64E /* 青年買房.app */,
			);
			name = Products;
			sourceTree = "<group>";
		};
		AFF357411E5D2F3200D5B64E /* 青年買房 */ = {
			isa = PBXGroup;
			children = (
				AFF357421E5D2F3200D5B64E /* AppDelegate.swift */,
				AFF357441E5D2F3200D5B64E /* ViewController.swift */,
				AFF357461E5D2F3200D5B64E /* Main.storyboard */,
				AFF357491E5D2F3200D5B64E /* Assets.xcassets */,
				AFF3574B1E5D2F3200D5B64E /* LaunchScreen.storyboard */,
				AFF3574E1E5D2F3200D5B64E /* Info.plist */,
			);
			path = "青年買房";
			sourceTree = "<group>";
		};
/* End PBXGroup section */

/* Begin PBXNativeTarget section */
		AFF3573E1E5D2F3200D5B64E /* 青年買房 */ = {
			isa = PBXNativeTarget;
			buildConfigurationList = AFF357511E5D2F3200D5B64E /* Build configuration list for PBXNativeTarget "青年買房" */;
			buildPhases = (
				AFF3573B1E5D2F3200D5B64E /* Sources */,
				AFF3573C1E5D2F3200D5B64E /* Frameworks */,
				AFF3573D1E5D2F3200D5B64E /* Resources */,
			);
			buildRules = (
			);
			dependencies = (
			);
			name = "青年買房";
			productName = "青年買房";
			productReference = AFF3573F1E5D2F3200D5B64E /* 青年買房.app */;
			productType = "com.apple.product-type.application";
		};
/* End PBXNativeTarget section */

/* Begin PBXProject section */
		AFF357371E5D2F3200D5B64E /* Project object */ = {
			isa = PBXProject;
			attributes = {
				LastSwiftUpdateCheck = 0810;
				LastUpgradeCheck = 0810;
				ORGANIZATIONNAME = "ice elson";
				TargetAttributes = {
					AFF3573E1E5D2F3200D5B64E = {
						CreatedOnToolsVersion = 8.1;
						DevelopmentTeam = U55RL8468U;
						ProvisioningStyle = Automatic;
					};
				};
			};
			buildConfigurationList = AFF3573A1E5D2F3200D5B64E /* Build configuration list for PBXProject "青年買房" */;
			compatibilityVersion = "Xcode 3.2";
			developmentRegion = English;
			hasScannedForEncodings = 0;
			knownRegions = (
				en,
				Base,
			);
			mainGroup = AFF357361E5D2F3200D5B64E;
			productRefGroup = AFF357401E5D2F3200D5B64E /* Products */;
			projectDirPath = "";
			projectRoot = "";
			targets = (
				AFF3573E1E5D2F3200D5B64E /* 青年買房 */,
			);
		};
/* End PBXProject section */

/* Begin PBXResourcesBuildPhase section */
		AFF3573D1E5D2F3200D5B64E /* Resources */ = {
			isa = PBXResourcesBuildPhase;
			buildActionMask = 2147483647;
			files = (
				AFF3574D1E5D2F3200D5B64E /* LaunchScreen.storyboard in Resources */,
				AFF3574A1E5D2F3200D5B64E /* Assets.xcassets in Resources */,
				AFF357481E5D2F3200D5B64E /* Main.storyboard in Resources */,
			);
			runOnlyForDeploymentPostprocessing = 0;
		};
/* End PBXResourcesBuildPhase section */

/* Begin PBXSourcesBuildPhase section */
		AFF3573B1E5D2F3200D5B64E /* Sources */ = {
			isa = PBXSourcesBuildPhase;
			buildActionMask = 2147483647;
			files = (
				AFF357451E5D2F3200D5B64E /* ViewController.swift in Sources */,
				AFF357431E5D2F3200D5B64E /* AppDelegate.swift in Sources */,
			);
			runOnlyForDeploymentPostprocessing = 0;
		};
/* End PBXSourcesBuildPhase section */

/* Begin PBXVariantGroup section */
		AFF357461E5D2F3200D5B64E /* Main.storyboard */ = {
			isa = PBXVariantGroup;
			children = (
				AFF357471E5D2F3200D5B64E /* Base */,
			);
			name = Main.storyboard;
			sourceTree = "<group>";
		};
		AFF3574B1E5D2F3200D5B64E /* LaunchScreen.storyboard */ = {
			isa = PBXVariantGroup;
			children = (
				AFF3574C1E5D2F3200D5B64E /* Base */,
			);
			name = LaunchScreen.storyboard;
			sourceTree = "<group>";
		};
/* End PBXVariantGroup section */

/* Begin XCBuildConfiguration section */
		AFF3574F1E5D2F3200D5B64E /* Debug */ = {
			isa = XCBuildConfiguration;
			buildSettings = {
				ALWAYS_SEARCH_USER_PATHS = NO;
				CLANG_ANALYZER_NONNULL = YES;
				CLANG_CXX_LANGUAGE_STANDARD = "gnu++0x";
				CLANG_CXX_LIBRARY = "libc++";
				CLANG_ENABLE_MODULES = YES;
				CLANG_ENABLE_OBJC_ARC = YES;
				CLANG_WARN_BOOL_CONVERSION = YES;
				CLANG_WARN_CONSTANT_CONVERSION = YES;
				CLANG_WARN_DIRECT_OBJC_ISA_USAGE = YES_ERROR;
				CLANG_WARN_DOCUMENTATION_COMMENTS = YES;
				CLANG_WARN_EMPTY_BODY = YES;
				CLANG_WARN_ENUM_CONVERSION = YES;
				CLANG_WARN_INFINITE_RECURSION = YES;
				CLANG_WARN_INT_CONVERSION = YES;
				CLANG_WARN_OBJC_ROOT_CLASS = YES_ERROR;
				CLANG_WARN_SUSPICIOUS_MOVES = YES;
				CLANG_WARN_UNREACHABLE_CODE = YES;
				CLANG_WARN__DUPLICATE_METHOD_MATCH = YES;
				"CODE_SIGN_IDENTITY[sdk=iphoneos*]" = "iPhone Developer";
				COPY_PHASE_STRIP = NO;
				DEBUG_INFORMATION_FORMAT = dwarf;
				ENABLE_STRICT_OBJC_MSGSEND = YES;
				ENABLE_TESTABILITY = YES;
				GCC_C_LANGUAGE_STANDARD = gnu99;
				GCC_DYNAMIC_NO_PIC = NO;
				GCC_NO_COMMON_BLOCKS = YES;
				GCC_OPTIMIZATION_LEVEL = 0;
				GCC_PREPROCESSOR_DEFINITIONS = (
					"DEBUG=1",
					"$(inherited)",
				);
				GCC_WARN_64_TO_32_BIT_CONVERSION = YES;
				GCC_WARN_ABOUT_RETURN_TYPE = YES_ERROR;
				GCC_WARN_UNDECLARED_SELECTOR = YES;
				GCC_WARN_UNINITIALIZED_AUTOS = YES_AGGRESSIVE;
				GCC_WARN_UNUSED_FUNCTION = YES;
				GCC_WARN_UNUSED_VARIABLE = YES;
				IPHONEOS_DEPLOYMENT_TARGET = 10.1;
				MTL_ENABLE_DEBUG_INFO = YES;
				ONLY_ACTIVE_ARCH = YES;
				SDKROOT = iphoneos;
				SWIFT_ACTIVE_COMPILATION_CONDITIONS = DEBUG;
				SWIFT_OPTIMIZATION_LEVEL = "-Onone";
			};
			name = Debug;
		};
		AFF357501E5D2F3200D5B64E /* Release */ = {
			isa = XCBuildConfiguration;
			buildSettings = {
				ALWAYS_SEARCH_USER_PATHS = NO;
				CLANG_ANALYZER_NONNULL = YES;
				CLANG_CXX_LANGUAGE_STANDARD = "gnu++0x";
				CLANG_CXX_LIBRARY = "libc++";
				CLANG_ENABLE_MODULES = YES;
				CLANG_ENABLE_OBJC_ARC = YES;
				CLANG_WARN_BOOL_CONVERSION = YES;
				CLANG_WARN_CONSTANT_CONVERSION = YES;
				CLANG_WARN_DIRECT_OBJC_ISA_USAGE = YES_ERROR;
				CLANG_WARN_DOCUMENTATION_COMMENTS = YES;
				CLANG_WARN_EMPTY_BODY = YES;
				CLANG_WARN_ENUM_CONVERSION = YES;
				CLANG_WARN_INFINITE_RECURSION = YES;
				CLANG_WARN_INT_CONVERSION = YES;
				CLANG_WARN_OBJC_ROOT_CLASS = YES_ERROR;
				CLANG_WARN_SUSPICIOUS_MOVES = YES;
				CLANG_WARN_UNREACHABLE_CODE = YES;
				CLANG_WARN__DUPLICATE_METHOD_MATCH = YES;
				"CODE_SIGN_IDENTITY[sdk=iphoneos*]" = "iPhone Developer";
				COPY_PHASE_STRIP = NO;
				DEBUG_INFORMATION_FORMAT = "dwarf-with-dsym";
				ENABLE_NS_ASSERTIONS = NO;
				ENABLE_STRICT_OBJC_MSGSEND = YES;
				GCC_C_LANGUAGE_STANDARD = gnu99;
				GCC_NO_COMMON_BLOCKS = YES;
				GCC_WARN_64_TO_32_BIT_CONVERSION = YES;
				GCC_WARN_ABOUT_RETURN_TYPE = YES_ERROR;
				GCC_WARN_UNDECLARED_SELECTOR = YES;
				GCC_WARN_UNINITIALIZED_AUTOS = YES_AGGRESSIVE;
				GCC_WARN_UNUSED_FUNCTION = YES;
				GCC_WARN_UNUSED_VARIABLE = YES;
				IPHONEOS_DEPLOYMENT_TARGET = 10.1;
				MTL_ENABLE_DEBUG_INFO = NO;
				SDKROOT = iphoneos;
				SWIFT_OPTIMIZATION_LEVEL = "-Owholemodule";
				VALIDATE_PRODUCT = YES;
			};
			name = Release;
		};
		AFF357521E5D2F3200D5B64E /* Debug */ = {
			isa = XCBuildConfiguration;
			buildSettings = {
				ASSETCATALOG_COMPILER_APPICON_NAME = AppIcon;
				DEVELOPMENT_TEAM = U55RL8468U;
				INFOPLIST_FILE = "青年買房/Info.plist";
				LD_RUNPATH_SEARCH_PATHS = "$(inherited) @executable_path/Frameworks";
				PRODUCT_BUNDLE_IDENTIFIER = "com.elson.----";
				PRODUCT_NAME = "$(TARGET_NAME)";
				SWIFT_VERSION = 3.0;
			};
			name = Debug;
		};
		AFF357531E5D2F3200D5B64E /* Release */ = {
			isa = XCBuildConfiguration;
			buildSettings = {
				ASSETCATALOG_COMPILER_APPICON_NAME = AppIcon;
				DEVELOPMENT_TEAM = U55RL8468U;
				INFOPLIST_FILE = "青年買房/Info.plist";
				LD_RUNPATH_SEARCH_PATHS = "$(inherited) @executable_path/Frameworks";
				PRODUCT_BUNDLE_IDENTIFIER = "com.elson.----";
				PRODUCT_NAME = "$(TARGET_NAME)";
				SWIFT_VERSION = 3.0;
			};
			name = Release;
		};
/* End XCBuildConfiguration section */

/* Begin XCConfigurationList section */
		AFF3573A1E5D2F3200D5B64E /* Build configuration list for PBXProject "青年買房" */ = {
			isa = XCConfigurationList;
			buildConfigurations = (
				AFF3574F1E5D2F3200D5B64E /* Debug */,
				AFF357501E5D2F3200D5B64E /* Release */,
			);
			defaultConfigurationIsVisible = 0;
			defaultConfigurationName = Release;
		};
		AFF357511E5D2F3200D5B64E /* Build configuration list for PBXNativeTarget "青年買房" */ = {
			isa = XCConfigurationList;
			buildConfigurations = (
				AFF357521E5D2F3200D5B64E /* Debug */,
				AFF357531E5D2F3200D5B64E /* Release */,
			);
			defaultConfigurationIsVisible = 0;
		};
/* End XCConfigurationList section */
	};
	rootObject = AFF357371E5D2F3200D5B64E /* Project object */;
}
